<Solution>
  <Project Path="Zenject.csproj" />
  <Project Path="Zenject-IntegrationTests-Editor.csproj" />
  <Project Path="Zenject-ReflectionBaking-Editor.csproj" />
  <Project Path="AircraftController.csproj" />
  <Project Path="Zenject-UnitTests-Editor.csproj" />
  <Project Path="Utilities.csproj" />
  <Project Path="Zenject-Editor.csproj" />
  <Project Path="Zenject-IntegrationTests.csproj" />
  <Project Path="HealthSystemAssembly.csproj" />
  <Project Path="CommandSystem.Tests.csproj" />
  <Project Path="Assembly-CSharp.csproj" />
  <Project Path="CommandSystem.csproj" />
  <Project Path="Game.csproj" />
  <Project Path="Common.csproj" />
  <Project Path="Zenject-TestFramework.csproj" />
  <Project Path="Assembly-CSharp-Editor.csproj" />
  <Project Path="Tests.csproj" />
  <Project Path="Zenject-PoolMonitor-Editor.csproj" />
  <Project Path="WeaponSystem.csproj" />
  <Project Path="FormationSystem.csproj" />
  <Project Path="FormationTests.csproj" />
  <Project Path="ScreenInputControls.csproj" />
  <Project Path="TargetingSystem.csproj" />
  <Project Path="Locomotion.csproj" />
  <Project Path="NomiUIExtensions.csproj" />
  <Project Path="PlayModeTests.csproj" />
  <Project Path="ControllableAircraftManager.Tests.csproj" />
  <Project Path="SelectableEntitySystem.csproj" />
  <Project Path="SelectableEntitySystem.Tests.csproj" />
  <Project Path="ZenjectInstallers.csproj" />
  <Project Path="CameraControllers.csproj" />
  <Project Path="CustomLogHandler.csproj" />
</Solution>
